{
  "nodes": {
    "darwin": {
      "inputs": {
        "nixpkgs": [
          "unstableSmall"
        ]
      },
      "locked": {
        "lastModified": 1668784520,
        "narHash": "sha256-gGgVAMwYPPmrfnvnoRi6OkEB5KRsNTb9uYzEceLdO/g=",
        "owner": "lnl7",
        "repo": "nix-darwin",
        "rev": "6349b99bc2b96ded34d068a88c7c5ced406b7f7f",
        "type": "github"
      },
      "original": {
        "owner": "lnl7",
        "repo": "nix-darwin",
        "type": "github"
      }
    },
    "emacs-overlay": {
      "inputs": {
        "flake-utils": "flake-utils",
        "nixpkgs": [
          "stable"
        ]
      },
      "locked": {
        "lastModified": 1669639095,
        "narHash": "sha256-yeP89LGRqMbTuEVII4/2BCMEKgEAbEqOMcwEev2S03U=",
        "owner": "nix-community",
        "repo": "emacs-overlay",
        "rev": "d54a1521619daa37c9aa8c9e3362abb34e676007",
        "type": "github"
      },
      "original": {
        "owner": "nix-community",
        "repo": "emacs-overlay",
        "rev": "d54a1521619daa37c9aa8c9e3362abb34e676007",
        "type": "github"
      }
    },
    "flake-compat": {
      "flake": false,
      "locked": {
        "lastModified": 1627913399,
        "narHash": "sha256-hY8g6H2KFL8ownSiFeMOjwPC8P0ueXpCVEbxgda3pko=",
        "owner": "edolstra",
        "repo": "flake-compat",
        "rev": "12c64ca55c1014cdc1b16ed5a804aa8576601ff2",
        "type": "github"
      },
      "original": {
        "owner": "edolstra",
        "repo": "flake-compat",
        "type": "github"
      }
    },
    "flake-utils": {
      "locked": {
        "lastModified": 1667395993,
        "narHash": "sha256-nuEHfE/LcWyuSWnS8t12N1wc105Qtau+/OdUAjtQ0rA=",
        "owner": "numtide",
        "repo": "flake-utils",
        "rev": "5aed5285a952e0b949eb3ba02c12fa4fcfef535f",
        "type": "github"
      },
      "original": {
        "owner": "numtide",
        "repo": "flake-utils",
        "type": "github"
      }
    },
    "flake-utils_2": {
      "locked": {
        "lastModified": 1634851050,
        "narHash": "sha256-N83GlSGPJJdcqhUxSCS/WwW5pksYf3VP1M13cDRTSVA=",
        "owner": "numtide",
        "repo": "flake-utils",
        "rev": "c91f3de5adaf1de973b797ef7485e441a65b8935",
        "type": "github"
      },
      "original": {
        "owner": "numtide",
        "repo": "flake-utils",
        "type": "github"
      }
    },
    "gostart": {
      "inputs": {
        "nixpkgs": [
          "unstable"
        ]
      },
      "locked": {
        "lastModified": 1670435933,
        "narHash": "sha256-pelhX7sIspDooPq+8BIqK5eqY56JOTG+4EFS1LQdPww=",
        "owner": "qbit",
        "repo": "gostart",
        "rev": "7e356e06fa815911ef60fc4a287b930b8c3647c1",
        "type": "github"
      },
      "original": {
        "owner": "qbit",
        "repo": "gostart",
        "type": "github"
      }
    },
    "gqrss": {
      "flake": false,
      "locked": {
        "lastModified": 1643674728,
        "narHash": "sha256-1ZGjifDgqA9yk9l0YB4rLpcvwaq9lWxDgItJ7lCVj2I=",
        "owner": "qbit",
        "repo": "gqrss",
        "rev": "107278bcd497501475435d9a36f0aa91d1f2e1f9",
        "type": "github"
      },
      "original": {
        "owner": "qbit",
        "repo": "gqrss",
        "type": "github"
      }
    },
    "mcchunkie": {
      "flake": false,
      "locked": {
        "lastModified": 1667577900,
        "narHash": "sha256-SZx5h+RWgG1tq4kLZ4lh4jlPjprz3Gp3gPLfb/7cNzQ=",
        "owner": "qbit",
        "repo": "mcchunkie",
        "rev": "ccf6054d49001f341c09eaad9c10d9f2c1f3c257",
        "type": "github"
      },
      "original": {
        "owner": "qbit",
        "repo": "mcchunkie",
        "type": "github"
      }
    },
    "microca": {
      "inputs": {
        "nixpkgs": [
          "unstable"
        ]
      },
      "locked": {
        "lastModified": 1662300001,
        "narHash": "sha256-VoZW3ThcgPBVpHCWdUKX8gDur9crkRgxHFjwuuWFiI4=",
        "owner": "qbit",
        "repo": "microca",
        "rev": "fef8113e099dd975ed9d9a48340e6f9b35bbc103",
        "type": "github"
      },
      "original": {
        "owner": "qbit",
        "repo": "microca",
        "type": "github"
      }
    },
    "nixos-hardware": {
      "locked": {
        "lastModified": 1670174919,
        "narHash": "sha256-XdQr3BUnrvVLRFunLWrZORhwYHDG0+9jUUe0Jv1pths=",
        "owner": "NixOS",
        "repo": "nixos-hardware",
        "rev": "9d87bc030a0bf3f00e953dbf095a7d8e852dab6b",
        "type": "github"
      },
      "original": {
        "owner": "NixOS",
        "ref": "master",
        "repo": "nixos-hardware",
        "type": "github"
      }
    },
    "nixpkgs": {
      "locked": {
        "lastModified": 1660215038,
        "narHash": "sha256-tqMyd5QB4MZh59wMHXqpro4hkKjz9ubQxkxFSuCuBGE=",
        "owner": "NixOS",
        "repo": "nixpkgs",
        "rev": "45c9736ed69800a6ff2164fb4538c9e40dad25d6",
        "type": "github"
      },
      "original": {
        "owner": "NixOS",
        "ref": "nixos-22.05",
        "repo": "nixpkgs",
        "type": "github"
      }
    },
    "nixpkgs-22_05": {
      "locked": {
        "lastModified": 1661656705,
        "narHash": "sha256-1ujNuL1Tx1dt8dC/kuYS329ZZgiXXmD96axwrqsUY7w=",
        "owner": "NixOS",
        "repo": "nixpkgs",
        "rev": "290dbaacc1f0b783fd8e271b585ec2c8c3b03954",
        "type": "github"
      },
      "original": {
        "owner": "NixOS",
        "ref": "release-22.05",
        "repo": "nixpkgs",
        "type": "github"
      }
    },
    "oldStable": {
      "locked": {
        "lastModified": 1670625143,
        "narHash": "sha256-RjNX4QmaZ8CXnO0FpK908OVh4a1/in1+i2GN29fgjsU=",
        "owner": "NixOS",
        "repo": "nixpkgs",
        "rev": "850c27142ac01525b751e2c9d97138fe5d8a0ad0",
        "type": "github"
      },
      "original": {
        "owner": "NixOS",
        "ref": "nixos-22.05-small",
        "repo": "nixpkgs",
        "type": "github"
      }
    },
    "peerix": {
      "inputs": {
        "flake-compat": "flake-compat",
        "flake-utils": "flake-utils_2",
        "nixpkgs": [
          "stable"
        ]
      },
      "locked": {
        "lastModified": 1661429880,
        "narHash": "sha256-7/m468XZW82O7KhDtRdQ7RnPsh83+tA8N4U0FncFo1U=",
        "owner": "cid-chan",
        "repo": "peerix",
        "rev": "32cd1b098b83c90726848bd6726f74e72c557abb",
        "type": "github"
      },
      "original": {
        "owner": "cid-chan",
        "repo": "peerix",
        "type": "github"
      }
    },
    "reform": {
      "inputs": {
        "nixpkgs": "nixpkgs"
      },
      "locked": {
        "lastModified": 1660545962,
        "narHash": "sha256-JrsEoAdBzflng/ksBNu2cUZMezRQPytDSkz7bZNzI7s=",
        "owner": "nix-community",
        "repo": "hardware-mnt-reform",
        "rev": "302b06b967e0777b52abd8ee0f9c736d63399137",
        "type": "github"
      },
      "original": {
        "owner": "nix-community",
        "repo": "hardware-mnt-reform",
        "type": "github"
      }
    },
    "root": {
      "inputs": {
        "darwin": "darwin",
        "emacs-overlay": "emacs-overlay",
        "gostart": "gostart",
        "gqrss": "gqrss",
        "mcchunkie": "mcchunkie",
        "microca": "microca",
        "nixos-hardware": "nixos-hardware",
        "oldStable": "oldStable",
        "peerix": "peerix",
        "reform": "reform",
        "sshKnownHosts": "sshKnownHosts",
        "stable": "stable",
        "taskobs": "taskobs",
        "tsvnstat": "tsvnstat",
        "unstable": "unstable",
        "unstableSmall": "unstableSmall",
        "xin-secrets": "xin-secrets",
        "xintray": "xintray"
      }
    },
    "sops-nix": {
      "inputs": {
        "nixpkgs": [
          "xin-secrets",
          "stable"
        ],
        "nixpkgs-22_05": "nixpkgs-22_05"
      },
      "locked": {
        "lastModified": 1661660105,
        "narHash": "sha256-3ITdkYwsNDh2DRqi7FZOJ92ui92NmcO6Nhj49u+JjWY=",
        "owner": "Mic92",
        "repo": "sops-nix",
        "rev": "d92fba1bfc9f64e4ccb533701ddd8590c0d8c74a",
        "type": "github"
      },
      "original": {
        "owner": "Mic92",
        "repo": "sops-nix",
        "type": "github"
      }
    },
    "sshKnownHosts": {
      "flake": false,
      "locked": {
        "lastModified": 1656701928,
        "narHash": "sha256-wxSl4azf1nQNcUZVNOn6zDzk31sQ1NNoiFDEVUqdGmk=",
        "owner": "qbit",
        "repo": "ssh_known_hosts",
        "rev": "3b18047443bfe259497de7584cf389c72c5afec2",
        "type": "github"
      },
      "original": {
        "owner": "qbit",
        "repo": "ssh_known_hosts",
        "type": "github"
      }
    },
    "stable": {
      "locked": {
        "lastModified": 1670616026,
        "narHash": "sha256-uZMbnKfmh5beYjSYq9GSrCogofVnBifi/4QgsGQTx4Y=",
        "owner": "NixOS",
        "repo": "nixpkgs",
        "rev": "4e964a5ba80d4793ffe29f199a2c19774ea10238",
        "type": "github"
      },
      "original": {
        "owner": "NixOS",
        "ref": "nixos-22.11-small",
        "repo": "nixpkgs",
        "type": "github"
      }
    },
    "stable_2": {
      "locked": {
        "lastModified": 1661723150,
        "narHash": "sha256-YSCtKUWt5Codg+z9I004lihx4gnIn7kPU9+nCb+UXk0=",
        "owner": "NixOS",
        "repo": "nixpkgs",
        "rev": "1ddd992fa0c34ff3b2789436401fb4e327f2415e",
        "type": "github"
      },
      "original": {
        "owner": "NixOS",
        "ref": "nixos-22.05-small",
        "repo": "nixpkgs",
        "type": "github"
      }
    },
    "taskobs": {
      "inputs": {
        "nixpkgs": [
          "unstable"
        ]
      },
      "locked": {
        "lastModified": 1666015562,
        "narHash": "sha256-7fUePJy+u+olCsXVHHthMOoiK+Ky6Eki0PNTOKOjeOw=",
        "owner": "qbit",
        "repo": "taskobs",
        "rev": "99c579a752d37664dc6b706fbb8cf453571d82b7",
        "type": "github"
      },
      "original": {
        "owner": "qbit",
        "repo": "taskobs",
        "type": "github"
      }
    },
    "tsvnstat": {
      "inputs": {
        "nixpkgs": [
          "unstable"
        ]
      },
      "locked": {
        "lastModified": 1670684936,
        "narHash": "sha256-s6HVawrnW/qmC293NdyZDQ1QESZODGYrARJSNND6OzA=",
        "owner": "qbit",
        "repo": "tsvnstat",
        "rev": "b5b9cbcbf908ed0a9dadbd869d2841fd5a1b7f8f",
        "type": "github"
      },
      "original": {
        "owner": "qbit",
        "repo": "tsvnstat",
        "type": "github"
      }
    },
    "unstable": {
      "locked": {
        "lastModified": 1670677715,
        "narHash": "sha256-heFznhKYyTARjz59lA2n6/mwtuVmJvM82lid+pldmkI=",
        "owner": "NixOS",
        "repo": "nixpkgs",
        "rev": "27ef8dda247ae21ff91fd400c2d9e3c4c3036c9a",
        "type": "github"
      },
      "original": {
        "owner": "NixOS",
        "repo": "nixpkgs",
        "type": "github"
      }
    },
    "unstableSmall": {
      "locked": {
        "lastModified": 1670628470,
        "narHash": "sha256-anlJNUWbxO++mNKrKSpG6CfWwRISSj5ykoUQ4mVL260=",
        "owner": "NixOS",
        "repo": "nixpkgs",
        "rev": "c91e8857f5f036aa220c7e749255ac112665e985",
        "type": "github"
      },
      "original": {
        "owner": "NixOS",
        "ref": "nixos-unstable-small",
        "repo": "nixpkgs",
        "type": "github"
      }
    },
    "xin-secrets": {
      "inputs": {
        "sops-nix": "sops-nix",
        "stable": "stable_2"
      },
      "locked": {
        "lastModified": 1670298673,
        "narHash": "sha256-cuAILxgjspgkBrSSDIzdeMvMZGnGqJHeD0rVFG/hxco=",
        "ref": "main",
        "rev": "1c5787c8004fa453a4f99ddb2c1fc2a0fd23908e",
        "revCount": 65,
        "type": "git",
        "url": "ssh://xin-secrets-ro/qbit/xin-secrets.git"
      },
      "original": {
        "ref": "main",
        "type": "git",
        "url": "ssh://xin-secrets-ro/qbit/xin-secrets.git"
      }
    },
    "xintray": {
      "inputs": {
        "nixpkgs": [
          "unstable"
        ]
      },
      "locked": {
        "lastModified": 1670431020,
        "narHash": "sha256-mk3eFHphkpvYNY65A1GJWhKb15JTJ9rkODeXAsBxQ94=",
        "owner": "qbit",
        "repo": "xintray",
        "rev": "a161f63375842d56706cd17644b4a51fae7eeb25",
        "type": "github"
      },
      "original": {
        "owner": "qbit",
        "repo": "xintray",
        "type": "github"
      }
    }
  },
  "root": "root",
  "version": 7
}
