{
  "nodes": {
    "beyt": {
      "inputs": {
        "nixpkgs": [
          "unstable"
        ]
      },
      "locked": {
        "lastModified": 1713193165,
        "narHash": "sha256-uR8MeycEM4Via7H1rM6IwuCOzT/BPM4DlG9i4V95/M4=",
        "owner": "qbit",
        "repo": "beyt",
        "rev": "d11e54e7ade1981e004389f583d18d31f55ef15a",
        "type": "github"
      },
      "original": {
        "owner": "qbit",
        "repo": "beyt",
        "type": "github"
      }
    },
    "blobs": {
      "flake": false,
      "locked": {
        "lastModified": 1604995301,
        "narHash": "sha256-wcLzgLec6SGJA8fx1OEN1yV/Py5b+U5iyYpksUY/yLw=",
        "owner": "simple-nixos-mailserver",
        "repo": "blobs",
        "rev": "2cccdf1ca48316f2cfd1c9a0017e8de5a7156265",
        "type": "gitlab"
      },
      "original": {
        "owner": "simple-nixos-mailserver",
        "repo": "blobs",
        "type": "gitlab"
      }
    },
    "darwin": {
      "inputs": {
        "nixpkgs": [
          "unstableSmall"
        ]
      },
      "locked": {
        "lastModified": 1716993688,
        "narHash": "sha256-vo5k2wQekfeoq/2aleQkBN41dQiQHNTniZeVONWiWLs=",
        "owner": "lnl7",
        "repo": "nix-darwin",
        "rev": "c0d5b8c54d6828516c97f6be9f2d00c63a363df4",
        "type": "github"
      },
      "original": {
        "owner": "lnl7",
        "repo": "nix-darwin",
        "type": "github"
      }
    },
    "emacs-overlay": {
      "inputs": {
        "flake-utils": "flake-utils",
        "nixpkgs": [
          "unstable"
        ],
        "nixpkgs-stable": [
          "stable"
        ]
      },
      "locked": {
        "lastModified": 1716916086,
        "narHash": "sha256-n/uf+jsjrXDUuDE6npM2hFfmPRfoYmEcpcoUuPstwi8=",
        "owner": "nix-community",
        "repo": "emacs-overlay",
        "rev": "b6c62d8135f943ea1e2733aa644cbd146afe2d62",
        "type": "github"
      },
      "original": {
        "owner": "nix-community",
        "repo": "emacs-overlay",
        "type": "github"
      }
    },
    "flake-compat": {
      "flake": false,
      "locked": {
        "lastModified": 1668681692,
        "narHash": "sha256-Ht91NGdewz8IQLtWZ9LCeNXMSXHUss+9COoqu6JLmXU=",
        "owner": "edolstra",
        "repo": "flake-compat",
        "rev": "009399224d5e398d03b22badca40a37ac85412a1",
        "type": "github"
      },
      "original": {
        "owner": "edolstra",
        "repo": "flake-compat",
        "type": "github"
      }
    },
    "flake-utils": {
      "inputs": {
        "systems": "systems"
      },
      "locked": {
        "lastModified": 1710146030,
        "narHash": "sha256-SZ5L6eA7HJ/nmkzGG7/ISclqe6oZdOZTNoesiInkXPQ=",
        "owner": "numtide",
        "repo": "flake-utils",
        "rev": "b1d9ab70662946ef0850d488da1c9019f3a9752a",
        "type": "github"
      },
      "original": {
        "owner": "numtide",
        "repo": "flake-utils",
        "type": "github"
      }
    },
    "gostart": {
      "inputs": {
        "nixpkgs": [
          "unstable"
        ]
      },
      "locked": {
        "lastModified": 1715715680,
        "narHash": "sha256-g4FEcxA+OCszfhsaiAkbqeS7PDAAIbPCC3QEMdfM40w=",
        "owner": "qbit",
        "repo": "gostart",
        "rev": "446d357e26de52dfd529814cef92b472800449b8",
        "type": "github"
      },
      "original": {
        "owner": "qbit",
        "repo": "gostart",
        "type": "github"
      }
    },
    "gqrss": {
      "flake": false,
      "locked": {
        "lastModified": 1695225347,
        "narHash": "sha256-PZZK4L4w+dQZDbVLLhC/YeVUJMRaxNdksUUdyKp3AEU=",
        "owner": "qbit",
        "repo": "gqrss",
        "rev": "029f2c59d3da4d080a340c4cfd834eeacbe1e738",
        "type": "github"
      },
      "original": {
        "owner": "qbit",
        "repo": "gqrss",
        "type": "github"
      }
    },
    "kogs": {
      "inputs": {
        "nixpkgs": [
          "unstable"
        ]
      },
      "locked": {
        "lastModified": 1711919564,
        "narHash": "sha256-OIykSzU2T0mnPe0Kiu6fMLBIu82eAH+5X2kaP9DA7Ys=",
        "owner": "qbit",
        "repo": "kogs",
        "rev": "7620f85da904fe37329a98ebb334c5907f835cdd",
        "type": "github"
      },
      "original": {
        "owner": "qbit",
        "repo": "kogs",
        "type": "github"
      }
    },
    "mcchunkie": {
      "inputs": {
        "nixpkgs": [
          "unstable"
        ]
      },
      "locked": {
        "lastModified": 1716932105,
        "narHash": "sha256-VZCOCz+iQtCdog/vINPtvYr7lG6RfvLz45DdEUKL+h8=",
        "owner": "qbit",
        "repo": "mcchunkie",
        "rev": "e75c40df194be9e9eace5bd3ca033ec0c5ceb19a",
        "type": "github"
      },
      "original": {
        "owner": "qbit",
        "repo": "mcchunkie",
        "type": "github"
      }
    },
    "microca": {
      "inputs": {
        "nixpkgs": [
          "unstable"
        ]
      },
      "locked": {
        "lastModified": 1709331966,
        "narHash": "sha256-kNUWf6Ka5bkKNQ1AUnKc4PbqTNlaWxXxeC7OsliqFXI=",
        "owner": "qbit",
        "repo": "microca",
        "rev": "111df20104e6aa45892625327692d17a5986c76d",
        "type": "github"
      },
      "original": {
        "owner": "qbit",
        "repo": "microca",
        "type": "github"
      }
    },
    "microca_2": {
      "inputs": {
        "nixpkgs": [
          "xin-secrets",
          "unstable"
        ]
      },
      "locked": {
        "lastModified": 1709331966,
        "narHash": "sha256-kNUWf6Ka5bkKNQ1AUnKc4PbqTNlaWxXxeC7OsliqFXI=",
        "owner": "qbit",
        "repo": "microca",
        "rev": "111df20104e6aa45892625327692d17a5986c76d",
        "type": "github"
      },
      "original": {
        "owner": "qbit",
        "repo": "microca",
        "type": "github"
      }
    },
    "nixos-hardware": {
      "locked": {
        "lastModified": 1716881121,
        "narHash": "sha256-oTf3enbe/lbiNzsyZ8ria+422hx4e/FB3xQcY2LPnJw=",
        "owner": "NixOS",
        "repo": "nixos-hardware",
        "rev": "806e9d4a933dd1e75592e88894d4bd2f296f5bbf",
        "type": "github"
      },
      "original": {
        "owner": "NixOS",
        "ref": "master",
        "repo": "nixos-hardware",
        "type": "github"
      }
    },
    "nixpkgs-23_05": {
      "locked": {
        "lastModified": 1704290814,
        "narHash": "sha256-LWvKHp7kGxk/GEtlrGYV68qIvPHkU9iToomNFGagixU=",
        "owner": "NixOS",
        "repo": "nixpkgs",
        "rev": "70bdadeb94ffc8806c0570eb5c2695ad29f0e421",
        "type": "github"
      },
      "original": {
        "id": "nixpkgs",
        "ref": "nixos-23.05",
        "type": "indirect"
      }
    },
    "po": {
      "inputs": {
        "nixpkgs": [
          "unstable"
        ]
      },
      "locked": {
        "lastModified": 1711196495,
        "narHash": "sha256-3xGPDie7R6yau2xC7Oju2EOEqYjvUaU27gTbyJrBwo4=",
        "owner": "qbit",
        "repo": "po",
        "rev": "4775ea1e304c3c12174022f2903e08693a1c6ae6",
        "type": "github"
      },
      "original": {
        "owner": "qbit",
        "repo": "po",
        "type": "github"
      }
    },
    "pots": {
      "inputs": {
        "nixpkgs": [
          "unstable"
        ]
      },
      "locked": {
        "lastModified": 1695225249,
        "narHash": "sha256-kfxwVNmxVIgXvl/OfVeDJ9zHZMRWJETQs0nxCcGmSas=",
        "owner": "qbit",
        "repo": "pots",
        "rev": "3b864fc12d90d5dc37e61a316d157f29d8b97772",
        "type": "github"
      },
      "original": {
        "owner": "qbit",
        "repo": "pots",
        "type": "github"
      }
    },
    "pr-status": {
      "inputs": {
        "nixpkgs": [
          "stable"
        ]
      },
      "locked": {
        "lastModified": 1715959727,
        "narHash": "sha256-iWUsxz+2w/zeQST/mQA1NIM2t3WPmFbhUymp2sbUebU=",
        "owner": "qbit",
        "repo": "pr-status-pl",
        "rev": "4b1699da225e7fb76ebc78c9cb35e3c13ca8207b",
        "type": "github"
      },
      "original": {
        "owner": "qbit",
        "repo": "pr-status-pl",
        "type": "github"
      }
    },
    "root": {
      "inputs": {
        "beyt": "beyt",
        "darwin": "darwin",
        "emacs-overlay": "emacs-overlay",
        "gostart": "gostart",
        "gqrss": "gqrss",
        "kogs": "kogs",
        "mcchunkie": "mcchunkie",
        "microca": "microca",
        "nixos-hardware": "nixos-hardware",
        "po": "po",
        "pots": "pots",
        "pr-status": "pr-status",
        "simple-nixos-mailserver": "simple-nixos-mailserver",
        "sops-nix": "sops-nix",
        "stable": "stable",
        "traygent": "traygent",
        "tsRevProx": "tsRevProx",
        "tsvnstat": "tsvnstat",
        "unstable": "unstable",
        "unstableSmall": "unstableSmall",
        "xin-secrets": "xin-secrets",
        "xintray": "xintray"
      }
    },
    "simple-nixos-mailserver": {
      "inputs": {
        "blobs": "blobs",
        "flake-compat": "flake-compat",
        "nixpkgs": [
          "stable"
        ],
        "nixpkgs-23_05": "nixpkgs-23_05",
        "nixpkgs-23_11": [
          "stable"
        ],
        "utils": "utils"
      },
      "locked": {
        "lastModified": 1706219574,
        "narHash": "sha256-qO+8UErk+bXCq2ybHU4GzXG4Ejk4Tk0rnnTPNyypW4g=",
        "owner": "simple-nixos-mailserver",
        "repo": "nixos-mailserver",
        "rev": "e47f3719f1db3e0961a4358d4cb234a0acaa7baf",
        "type": "gitlab"
      },
      "original": {
        "owner": "simple-nixos-mailserver",
        "ref": "nixos-23.11",
        "repo": "nixos-mailserver",
        "type": "gitlab"
      }
    },
    "sops-nix": {
      "inputs": {
        "nixpkgs": [
          "unstable"
        ],
        "nixpkgs-stable": [
          "stable"
        ]
      },
      "locked": {
        "lastModified": 1716692524,
        "narHash": "sha256-sALodaA7Zkp/JD6ehgwc0UCBrSBfB4cX66uFGTsqeFU=",
        "owner": "Mic92",
        "repo": "sops-nix",
        "rev": "962797a8d7f15ed7033031731d0bb77244839960",
        "type": "github"
      },
      "original": {
        "owner": "Mic92",
        "repo": "sops-nix",
        "type": "github"
      }
    },
    "stable": {
      "locked": {
        "lastModified": 1717111066,
        "narHash": "sha256-3lK95ALr5/0GZhsRI7XZgTKFg5HmMIi7xn/8fHuQvKk=",
        "owner": "NixOS",
        "repo": "nixpkgs",
        "rev": "0f1a94c815595e1bb4143368d407b2ceb0618931",
        "type": "github"
      },
      "original": {
        "owner": "NixOS",
        "ref": "nixos-24.05-small",
        "repo": "nixpkgs",
        "type": "github"
      }
    },
    "systems": {
      "locked": {
        "lastModified": 1681028828,
        "narHash": "sha256-Vy1rq5AaRuLzOxct8nz4T6wlgyUR7zLU309k9mBC768=",
        "owner": "nix-systems",
        "repo": "default",
        "rev": "da67096a3b9bf56a91d16901293e51ba5b49a27e",
        "type": "github"
      },
      "original": {
        "owner": "nix-systems",
        "repo": "default",
        "type": "github"
      }
    },
    "traygent": {
      "inputs": {
        "nixpkgs": [
          "unstable"
        ]
      },
      "locked": {
        "lastModified": 1713193225,
        "narHash": "sha256-tpQGrBDsYC9kMH6wiSku2y8bmVZ94RD5I+rKeT/Sx98=",
        "owner": "qbit",
        "repo": "traygent",
        "rev": "9a8537a6d54e49f149067417bb18a955712cbc3e",
        "type": "github"
      },
      "original": {
        "owner": "qbit",
        "repo": "traygent",
        "type": "github"
      }
    },
    "tsRevProx": {
      "inputs": {
        "nixpkgs": [
          "unstable"
        ]
      },
      "locked": {
        "lastModified": 1706541995,
        "narHash": "sha256-H08lKKLU3db/USh17x2sD6f6Zf5tRr0r3cFQEMHF3vQ=",
        "owner": "qbit",
        "repo": "ts-reverse-proxy",
        "rev": "32dcd0f1a301833230b003efb84b148ba39230b2",
        "type": "github"
      },
      "original": {
        "owner": "qbit",
        "repo": "ts-reverse-proxy",
        "type": "github"
      }
    },
    "tsvnstat": {
      "inputs": {
        "nixpkgs": [
          "unstable"
        ]
      },
      "locked": {
        "lastModified": 1706542526,
        "narHash": "sha256-L0+rDINoY9fpSpn+Xf0LZfF4ItbKi3snLTXgvm0SUyQ=",
        "owner": "qbit",
        "repo": "tsvnstat",
        "rev": "163b4b642e4c44a4929d3a8d17179436b6739451",
        "type": "github"
      },
      "original": {
        "owner": "qbit",
        "repo": "tsvnstat",
        "type": "github"
      }
    },
    "unstable": {
      "locked": {
        "lastModified": 1716941088,
        "narHash": "sha256-GKSAGfLNocNTux33YT9GbEXwEewxepwFL+ViX1CrMCQ=",
        "owner": "NixOS",
        "repo": "nixpkgs",
        "rev": "6c25325ec30a566f5c0446ceee61ada081903872",
        "type": "github"
      },
      "original": {
        "owner": "NixOS",
        "repo": "nixpkgs",
        "type": "github"
      }
    },
    "unstableSmall": {
      "locked": {
        "lastModified": 1716924492,
        "narHash": "sha256-9/Ro5/MfI+PNMF8jzh7+gXDPUHeOzL1e/iw3p4z6Ttc=",
        "owner": "NixOS",
        "repo": "nixpkgs",
        "rev": "4ae13643e7f2cd4bc6555fce074865d9d14e7c24",
        "type": "github"
      },
      "original": {
        "owner": "NixOS",
        "ref": "nixos-unstable-small",
        "repo": "nixpkgs",
        "type": "github"
      }
    },
    "utils": {
      "locked": {
        "lastModified": 1605370193,
        "narHash": "sha256-YyMTf3URDL/otKdKgtoMChu4vfVL3vCMkRqpGifhUn0=",
        "owner": "numtide",
        "repo": "flake-utils",
        "rev": "5021eac20303a61fafe17224c087f5519baed54d",
        "type": "github"
      },
      "original": {
        "owner": "numtide",
        "repo": "flake-utils",
        "type": "github"
      }
    },
    "xin-secrets": {
      "inputs": {
        "microca": "microca_2",
        "sops-nix": [
          "sops-nix"
        ],
        "stable": [
          "stable"
        ],
        "unstable": [
          "unstable"
        ]
      },
      "locked": {
        "lastModified": 1715355149,
        "narHash": "sha256-zu9HCDdREn5f9/966El5F6igi5dBcouAx4xAsFztITM=",
        "ref": "main",
        "rev": "caa53355bbe7bd3fb3d5acc4dfb68031e33ca132",
        "revCount": 149,
        "type": "git",
        "url": "ssh://xin-secrets-ro/qbit/xin-secrets.git"
      },
      "original": {
        "ref": "main",
        "type": "git",
        "url": "ssh://xin-secrets-ro/qbit/xin-secrets.git"
      }
    },
    "xintray": {
      "inputs": {
        "nixpkgs": [
          "unstable"
        ]
      },
      "locked": {
        "lastModified": 1714137208,
        "narHash": "sha256-805MBNnlMrh9tThlhwTQOYRruY+ZpDFIQYFKypV5HXE=",
        "owner": "qbit",
        "repo": "xintray",
        "rev": "b188a85a8d8636915b4c980b1bcc3e9196c9221d",
        "type": "github"
      },
      "original": {
        "owner": "qbit",
        "repo": "xintray",
        "type": "github"
      }
    }
  },
  "root": "root",
  "version": 7
}
