{
  "nodes": {
    "darwin": {
      "inputs": {
        "nixpkgs": [
          "unstableSmall"
        ]
      },
      "locked": {
        "lastModified": 1695424346,
        "narHash": "sha256-jkjKhxaBpS7p//l90uz9lNdVK5imVe9eo+XH6zbfrJU=",
        "owner": "lnl7",
        "repo": "nix-darwin",
        "rev": "c286b23c7fd7f0622bc4af898c91f58b8d304ff1",
        "type": "github"
      },
      "original": {
        "owner": "lnl7",
        "repo": "nix-darwin",
        "type": "github"
      }
    },
    "flake-compat": {
      "flake": false,
      "locked": {
        "lastModified": 1627913399,
        "narHash": "sha256-hY8g6H2KFL8ownSiFeMOjwPC8P0ueXpCVEbxgda3pko=",
        "owner": "edolstra",
        "repo": "flake-compat",
        "rev": "12c64ca55c1014cdc1b16ed5a804aa8576601ff2",
        "type": "github"
      },
      "original": {
        "owner": "edolstra",
        "repo": "flake-compat",
        "type": "github"
      }
    },
    "flake-utils": {
      "locked": {
        "lastModified": 1634851050,
        "narHash": "sha256-N83GlSGPJJdcqhUxSCS/WwW5pksYf3VP1M13cDRTSVA=",
        "owner": "numtide",
        "repo": "flake-utils",
        "rev": "c91f3de5adaf1de973b797ef7485e441a65b8935",
        "type": "github"
      },
      "original": {
        "owner": "numtide",
        "repo": "flake-utils",
        "type": "github"
      }
    },
    "gostart": {
      "inputs": {
        "nixpkgs": [
          "unstable"
        ]
      },
      "locked": {
        "lastModified": 1695249201,
        "narHash": "sha256-mP0LPNkeWJtfs31zX6THbkCUHmgM/9xhq+sD8eVfVJ4=",
        "owner": "qbit",
        "repo": "gostart",
        "rev": "c14c9808100bfae4391113ec0da60aa21ac18afa",
        "type": "github"
      },
      "original": {
        "owner": "qbit",
        "repo": "gostart",
        "type": "github"
      }
    },
    "gqrss": {
      "flake": false,
      "locked": {
        "lastModified": 1695225347,
        "narHash": "sha256-PZZK4L4w+dQZDbVLLhC/YeVUJMRaxNdksUUdyKp3AEU=",
        "owner": "qbit",
        "repo": "gqrss",
        "rev": "029f2c59d3da4d080a340c4cfd834eeacbe1e738",
        "type": "github"
      },
      "original": {
        "owner": "qbit",
        "repo": "gqrss",
        "type": "github"
      }
    },
    "microca": {
      "inputs": {
        "nixpkgs": [
          "unstable"
        ]
      },
      "locked": {
        "lastModified": 1675861164,
        "narHash": "sha256-WKFaORWZhmGWL6ZsnQ0ff4Ui5lASU0Y0p5Zf5jT2BWs=",
        "owner": "qbit",
        "repo": "microca",
        "rev": "335467bed57a23dfb6d49e30eb854be187931ab3",
        "type": "github"
      },
      "original": {
        "owner": "qbit",
        "repo": "microca",
        "type": "github"
      }
    },
    "nixos-hardware": {
      "locked": {
        "lastModified": 1695109627,
        "narHash": "sha256-4rpyoVzmunIG6xWA/EonnSSqC69bDBzciFi6SjBze/0=",
        "owner": "NixOS",
        "repo": "nixos-hardware",
        "rev": "cb4dc98f776ddb6af165e6f06b2902efe31ca67a",
        "type": "github"
      },
      "original": {
        "owner": "NixOS",
        "ref": "master",
        "repo": "nixos-hardware",
        "type": "github"
      }
    },
    "peerix": {
      "inputs": {
        "flake-compat": "flake-compat",
        "flake-utils": "flake-utils",
        "nixpkgs": [
          "stable"
        ]
      },
      "locked": {
        "lastModified": 1661429880,
        "narHash": "sha256-7/m468XZW82O7KhDtRdQ7RnPsh83+tA8N4U0FncFo1U=",
        "owner": "cid-chan",
        "repo": "peerix",
        "rev": "32cd1b098b83c90726848bd6726f74e72c557abb",
        "type": "github"
      },
      "original": {
        "owner": "cid-chan",
        "repo": "peerix",
        "type": "github"
      }
    },
    "po": {
      "inputs": {
        "nixpkgs": [
          "unstable"
        ]
      },
      "locked": {
        "lastModified": 1674996585,
        "narHash": "sha256-FFrZ3DQaAmRjxoaawRZqCgSVf20HjcgCaQsDOMCIdBk=",
        "owner": "qbit",
        "repo": "po",
        "rev": "3b05d8c85d651178859e423542c2b4d26721ab25",
        "type": "github"
      },
      "original": {
        "owner": "qbit",
        "repo": "po",
        "type": "github"
      }
    },
    "pots": {
      "inputs": {
        "nixpkgs": [
          "unstable"
        ]
      },
      "locked": {
        "lastModified": 1695225249,
        "narHash": "sha256-kfxwVNmxVIgXvl/OfVeDJ9zHZMRWJETQs0nxCcGmSas=",
        "owner": "qbit",
        "repo": "pots",
        "rev": "3b864fc12d90d5dc37e61a316d157f29d8b97772",
        "type": "github"
      },
      "original": {
        "owner": "qbit",
        "repo": "pots",
        "type": "github"
      }
    },
    "pr-status": {
      "inputs": {
        "nixpkgs": [
          "stable"
        ]
      },
      "locked": {
        "lastModified": 1686948774,
        "narHash": "sha256-Rwg0F8MtwrMw8Yw2GT5i69bX3WtKeTv5BXEMUg0vboo=",
        "owner": "qbit",
        "repo": "pr-status-pl",
        "rev": "77b1ff55eac7ac5cf6bb53db0610233ae58e074c",
        "type": "github"
      },
      "original": {
        "owner": "qbit",
        "repo": "pr-status-pl",
        "type": "github"
      }
    },
    "root": {
      "inputs": {
        "darwin": "darwin",
        "gostart": "gostart",
        "gqrss": "gqrss",
        "microca": "microca",
        "nixos-hardware": "nixos-hardware",
        "peerix": "peerix",
        "po": "po",
        "pots": "pots",
        "pr-status": "pr-status",
        "sops-nix": "sops-nix",
        "stable": "stable",
        "taskobs": "taskobs",
        "tsRevProx": "tsRevProx",
        "tsvnstat": "tsvnstat",
        "unstable": "unstable",
        "unstableSmall": "unstableSmall",
        "xin-secrets": "xin-secrets",
        "xintray": "xintray"
      }
    },
    "sops-nix": {
      "inputs": {
        "nixpkgs": [
          "unstable"
        ],
        "nixpkgs-stable": [
          "stable"
        ]
      },
      "locked": {
        "lastModified": 1695284550,
        "narHash": "sha256-z9fz/wz9qo9XePEvdduf+sBNeoI9QG8NJKl5ssA8Xl4=",
        "owner": "Mic92",
        "repo": "sops-nix",
        "rev": "2f375ed8702b0d8ee2430885059d5e7975e38f78",
        "type": "github"
      },
      "original": {
        "owner": "Mic92",
        "repo": "sops-nix",
        "type": "github"
      }
    },
    "stable": {
      "locked": {
        "lastModified": 1695477575,
        "narHash": "sha256-4Ton/tbSwHVKFQWwStgth2bdNYLFvn6/hgWau69phWc=",
        "owner": "NixOS",
        "repo": "nixpkgs",
        "rev": "f0336d964496b924c455a66e3862c47f0a7e5096",
        "type": "github"
      },
      "original": {
        "owner": "NixOS",
        "ref": "nixos-23.05-small",
        "repo": "nixpkgs",
        "type": "github"
      }
    },
    "stable_2": {
      "locked": {
        "lastModified": 1688392541,
        "narHash": "sha256-lHrKvEkCPTUO+7tPfjIcb7Trk6k31rz18vkyqmkeJfY=",
        "owner": "NixOS",
        "repo": "nixpkgs",
        "rev": "ea4c80b39be4c09702b0cb3b42eab59e2ba4f24b",
        "type": "github"
      },
      "original": {
        "owner": "NixOS",
        "ref": "nixos-22.11-small",
        "repo": "nixpkgs",
        "type": "github"
      }
    },
    "taskobs": {
      "inputs": {
        "nixpkgs": [
          "unstable"
        ]
      },
      "locked": {
        "lastModified": 1673627256,
        "narHash": "sha256-r5aMEiVtBrzcBEzUwpuYlsr518p0PGVR5+LhtLy+iZI=",
        "owner": "qbit",
        "repo": "taskobs",
        "rev": "1b615b1af5cb2ea08b041b3190ce2b67bd56c2f3",
        "type": "github"
      },
      "original": {
        "owner": "qbit",
        "repo": "taskobs",
        "type": "github"
      }
    },
    "tsRevProx": {
      "inputs": {
        "nixpkgs": [
          "unstable"
        ]
      },
      "locked": {
        "lastModified": 1695224416,
        "narHash": "sha256-KlDiIVrafcrGG5CXACw5ukPSs2s8vRt6T7ViTxwqka0=",
        "owner": "qbit",
        "repo": "ts-reverse-proxy",
        "rev": "1a76e92d5544ed2bbfcd8b0b3e8273bf49efbc8c",
        "type": "github"
      },
      "original": {
        "owner": "qbit",
        "repo": "ts-reverse-proxy",
        "type": "github"
      }
    },
    "tsvnstat": {
      "inputs": {
        "nixpkgs": [
          "unstable"
        ]
      },
      "locked": {
        "lastModified": 1695224187,
        "narHash": "sha256-Hy8DFABe130lv2wIPxusJJrVZsjfSBa5FUAXgS02c50=",
        "owner": "qbit",
        "repo": "tsvnstat",
        "rev": "8ccd819f414c31d902bc28af9bc078a1af74268b",
        "type": "github"
      },
      "original": {
        "owner": "qbit",
        "repo": "tsvnstat",
        "type": "github"
      }
    },
    "unstable": {
      "locked": {
        "lastModified": 1695521010,
        "narHash": "sha256-2raGKYu7U7nqBKUBPzZbnRAEraRstM4CHPN4GZHXtJM=",
        "owner": "NixOS",
        "repo": "nixpkgs",
        "rev": "397b1733f45dc601e82ab9e13d5d427167fc284e",
        "type": "github"
      },
      "original": {
        "owner": "NixOS",
        "repo": "nixpkgs",
        "type": "github"
      }
    },
    "unstableSmall": {
      "locked": {
        "lastModified": 1695483433,
        "narHash": "sha256-SMT2gptvoo+aXtquSHRnLsHghNEuZdknNxYzSM3mRBU=",
        "owner": "NixOS",
        "repo": "nixpkgs",
        "rev": "1fe305df27313fb29dd322835a05932a7116efb2",
        "type": "github"
      },
      "original": {
        "owner": "NixOS",
        "ref": "nixos-unstable-small",
        "repo": "nixpkgs",
        "type": "github"
      }
    },
    "xin-secrets": {
      "inputs": {
        "sops-nix": [
          "sops-nix"
        ],
        "stable": "stable_2"
      },
      "locked": {
        "lastModified": 1695402241,
        "narHash": "sha256-LZjbGrHkXuf2PPf6Xlemrtx9eSIhGzHfQcSb9dM615E=",
        "ref": "main",
        "rev": "dee413f9ff2d080515ccccc9b221cf76c8e8d5f6",
        "revCount": 105,
        "type": "git",
        "url": "ssh://xin-secrets-ro/qbit/xin-secrets.git"
      },
      "original": {
        "ref": "main",
        "type": "git",
        "url": "ssh://xin-secrets-ro/qbit/xin-secrets.git"
      }
    },
    "xintray": {
      "inputs": {
        "nixpkgs": [
          "unstable"
        ]
      },
      "locked": {
        "lastModified": 1693917342,
        "narHash": "sha256-hPjXSnrLfumLByzQauWybY/ydCfDy2i54zdEq699Uo8=",
        "owner": "qbit",
        "repo": "xintray",
        "rev": "3f5b603cc7979495f4c3f75dbb74df65139791d4",
        "type": "github"
      },
      "original": {
        "owner": "qbit",
        "repo": "xintray",
        "type": "github"
      }
    }
  },
  "root": "root",
  "version": 7
}
